
Microsoft Visual Studio Solution File, Format Version 12.00
# Visual Studio Version 17
VisualStudioVersion = 17.5.33530.505
MinimumVisualStudioVersion = 10.0.40219.1
Project("{8BC9CEB8-8B4A-11D0-8D11-00A0C91BC942}") = "pr7", "pr7.vcxproj", "{4031FD5F-79A7-4CFB-AFFE-BECB134CF03B}"
EndProject
Global
	GlobalSection(SolutionConfigurationPlatforms) = preSolution
		Debug|x64 = Debug|x64
		Debug|x86 = Debug|x86
		Release|x64 = Release|x64
		Release|x86 = Release|x86
	EndGlobalSection
	GlobalSection(ProjectConfigurationPlatforms) = postSolution
		{4031FD5F-79A7-4CFB-AFFE-BECB134CF03B}.Debug|x64.ActiveCfg = Debug|x64
		{4031FD5F-79A7-4CFB-AFFE-BECB134CF03B}.Debug|x64.Build.0 = Debug|x64
		{4031FD5F-79A7-4CFB-AFFE-BECB134CF03B}.Debug|x86.ActiveCfg = Debug|Win32
		{4031FD5F-79A7-4CFB-AFFE-BECB134CF03B}.Debug|x86.Build.0 = Debug|Win32
		{4031FD5F-79A7-4CFB-AFFE-BECB134CF03B}.Release|x64.ActiveCfg = Release|x64
		{4031FD5F-79A7-4CFB-AFFE-BECB134CF03B}.Release|x64.Build.0 = Release|x64
		{4031FD5F-79A7-4CFB-AFFE-BECB134CF03B}.Release|x86.ActiveCfg = Release|Win32
		{4031FD5F-79A7-4CFB-AFFE-BECB134CF03B}.Release|x86.Build.0 = Release|Win32
	EndGlobalSection
	GlobalSection(SolutionProperties) = preSolution
		HideSolutionNode = FALSE
	EndGlobalSection
	GlobalSection(ExtensibilityGlobals) = postSolution
		SolutionGuid = {A5785D35-443A-4F7F-8D54-958DACB41BA2}
	EndGlobalSection
EndGlobal
